
Microsoft Visual Studio Solution File, Format Version 12.00
# Visual Studio Version 17
VisualStudioVersion = 17.7.34202.233
MinimumVisualStudioVersion = 10.0.40219.1
Project("{FAE04EC0-301F-11D3-BF4B-00C04F79EFBC}") = "Ianc_Andreea_Lab2", "Ianc_Andreea_Lab2.csproj", "{C388FDCA-9113-4F8D-88E1-645857F803F6}"
EndProject
Global
	GlobalSection(SolutionConfigurationPlatforms) = preSolution
		Debug|Any CPU = Debug|Any CPU
		Release|Any CPU = Release|Any CPU
	EndGlobalSection
	GlobalSection(ProjectConfigurationPlatforms) = postSolution
		{C388FDCA-9113-4F8D-88E1-645857F803F6}.Debug|Any CPU.ActiveCfg = Debug|Any CPU
		{C388FDCA-9113-4F8D-88E1-645857F803F6}.Debug|Any CPU.Build.0 = Debug|Any CPU
		{C388FDCA-9113-4F8D-88E1-645857F803F6}.Release|Any CPU.ActiveCfg = Release|Any CPU
		{C388FDCA-9113-4F8D-88E1-645857F803F6}.Release|Any CPU.Build.0 = Release|Any CPU
	EndGlobalSection
	GlobalSection(SolutionProperties) = preSolution
		HideSolutionNode = FALSE
	EndGlobalSection
	GlobalSection(ExtensibilityGlobals) = postSolution
		SolutionGuid = {E7CB0C83-BB6C-4F99-9072-DF8A299AD5DB}
	EndGlobalSection
EndGlobal
